schema: '2.0'
stages:
  data_ingestion:
    cmd: python src/data_ignestion.py
    deps:
    - path: src/data_ignestion.py
      hash: md5
      md5: b785dbc7b1b7dd37b692d9f4efd5b15c
      size: 3406
    params:
      params.yaml:
        data_ignestion.test_size: 0.2
    outs:
    - path: data/raw
      hash: md5
      md5: 503e11a730a3dcf7564784ab98bc82b4.dir
      size: 479272
      nfiles: 2
  data_preprocessing:
    cmd: python src/data_preprocessing.py
    deps:
    - path: data/raw
      hash: md5
      md5: 503e11a730a3dcf7564784ab98bc82b4.dir
      size: 479272
      nfiles: 2
    - path: src/data_preprocessing.py
      hash: md5
      md5: 3c5e5db663ff893e67a3fe6cb99b6cac
      size: 3926
    outs:
    - path: data/interim
      hash: md5
      md5: 6690bfa1c8536bb0869c12900ce8ff51.dir
      size: 255993
      nfiles: 2
  feature_enginnering:
    cmd: python src/feature_enginnering.py
    deps:
    - path: data/interim
      hash: md5
      md5: 6690bfa1c8536bb0869c12900ce8ff51.dir
      size: 255993
      nfiles: 2
    - path: src/feature_enginnering.py
      hash: md5
      md5: 0a0b7da3e4e629b0df9019bfb5c105f9
      size: 3777
    outs:
    - path: data/processed
      hash: md5
      md5: fa3dadbcbf054e48b657c3d48f8c33b9.dir
      size: 1178160
      nfiles: 2
  model_building:
    cmd: python src/model_building.py
    deps:
    - path: data/processed
      hash: md5
      md5: 656ecf812982bbd58fa09640dc894d01.dir
      size: 902888
      nfiles: 2
    - path: src/model_building.py
      hash: md5
      md5: 17ca7834783a6b2822184e114c2d9980
      size: 4287
    params:
      params.yaml:
        model_building.n_estimators: 22
        model_building.random_state: 5
    outs:
    - path: models/model.pkl
      hash: md5
      md5: d251c0c6c89eb1b3ca3ae0bcd6acccfd
      size: 768359
  model_evaluation:
    cmd: python src/model_evaluation.py
    deps:
    - path: models/model.pkl
      hash: md5
      md5: d251c0c6c89eb1b3ca3ae0bcd6acccfd
      size: 768359
    - path: src/model_evaluation.py
      hash: md5
      md5: 12d3d8c3d310a28f7f49d5b0a0120663
      size: 4581
    outs:
    - path: reports/metrics.json
      hash: md5
      md5: a73bf1bd9793e0451c86c41b81f89ac9
      size: 140
  feature_engineering:
    cmd: python src/feature_engineering.py
    deps:
    - path: data/interim
      hash: md5
      md5: 6690bfa1c8536bb0869c12900ce8ff51.dir
      size: 255993
      nfiles: 2
    - path: src/feature_engineering.py
      hash: md5
      md5: 35b0df1e77ca2c68c48b81a6f474a69d
      size: 3806
    params:
      params.yaml:
        feature_engineering.max_features: 38
    outs:
    - path: data/processed
      hash: md5
      md5: 656ecf812982bbd58fa09640dc894d01.dir
      size: 902888
      nfiles: 2
